// !$*UTF8*$!
{
	archiveVersion = 1;
	classes = {
	};
	objectVersion = 46;
	objects = {

/* Begin PBXBuildFile section */
		D6C2C0801967E73A001AEB90 /* Foundation.framework in Frameworks */ = {isa = PBXBuildFile; fileRef = D6C2C07F1967E73A001AEB90 /* Foundation.framework */; };
		D6C2C0821967E73A001AEB90 /* CoreGraphics.framework in Frameworks */ = {isa = PBXBuildFile; fileRef = D6C2C0811967E73A001AEB90 /* CoreGraphics.framework */; };
		D6C2C0841967E73A001AEB90 /* UIKit.framework in Frameworks */ = {isa = PBXBuildFile; fileRef = D6C2C0831967E73A001AEB90 /* UIKit.framework */; };
		D6C2C0861967E73A001AEB90 /* CoreData.framework in Frameworks */ = {isa = PBXBuildFile; fileRef = D6C2C0851967E73A001AEB90 /* CoreData.framework */; };
		D6C2C08C1967E73A001AEB90 /* InfoPlist.strings in Resources */ = {isa = PBXBuildFile; fileRef = D6C2C08A1967E73A001AEB90 /* InfoPlist.strings */; };
		D6C2C08E1967E73A001AEB90 /* main.m in Sources */ = {isa = PBXBuildFile; fileRef = D6C2C08D1967E73A001AEB90 /* main.m */; };
		D6C2C0921967E73A001AEB90 /* AppDelegate.m in Sources */ = {isa = PBXBuildFile; fileRef = D6C2C0911967E73A001AEB90 /* AppDelegate.m */; };
		D6C2C0951967E73A001AEB90 /* sidafjisdjfiojsdjfiasfsdfsd.xcdatamodeld in Sources */ = {isa = PBXBuildFile; fileRef = D6C2C0931967E73A001AEB90 /* sidafjisdjfiojsdjfiasfsdfsd.xcdatamodeld */; };
		D6C2C0971967E73A001AEB90 /* Images.xcassets in Resources */ = {isa = PBXBuildFile; fileRef = D6C2C0961967E73A001AEB90 /* Images.xcassets */; };
		D6C2C09E1967E73A001AEB90 /* XCTest.framework in Frameworks */ = {isa = PBXBuildFile; fileRef = D6C2C09D1967E73A001AEB90 /* XCTest.framework */; };
		D6C2C09F1967E73A001AEB90 /* Foundation.framework in Frameworks */ = {isa = PBXBuildFile; fileRef = D6C2C07F1967E73A001AEB90 /* Foundation.framework */; };
		D6C2C0A01967E73A001AEB90 /* UIKit.framework in Frameworks */ = {isa = PBXBuildFile; fileRef = D6C2C0831967E73A001AEB90 /* UIKit.framework */; };
		D6C2C0A11967E73A001AEB90 /* CoreData.framework in Frameworks */ = {isa = PBXBuildFile; fileRef = D6C2C0851967E73A001AEB90 /* CoreData.framework */; };
		D6C2C0A91967E73A001AEB90 /* InfoPlist.strings in Resources */ = {isa = PBXBuildFile; fileRef = D6C2C0A71967E73A001AEB90 /* InfoPlist.strings */; };
		D6C2C0AB1967E73A001AEB90 /* sidafjisdjfiojsdjfiasfsdfsdTests.m in Sources */ = {isa = PBXBuildFile; fileRef = D6C2C0AA1967E73A001AEB90 /* sidafjisdjfiojsdjfiasfsdfsdTests.m */; };
/* End PBXBuildFile section */

/* Begin PBXContainerItemProxy section */
		D6C2C0A21967E73A001AEB90 /* PBXContainerItemProxy */ = {
			isa = PBXContainerItemProxy;
			containerPortal = D6C2C0741967E73A001AEB90 /* Project object */;
			proxyType = 1;
			remoteGlobalIDString = D6C2C07B1967E73A001AEB90;
			remoteInfo = sidafjisdjfiojsdjfiasfsdfsd;
		};
/* End PBXContainerItemProxy section */

/* Begin PBXFileReference section */
		D6C2C07C1967E73A001AEB90 /* sidafjisdjfiojsdjfiasfsdfsd.app */ = {isa = PBXFileReference; explicitFileType = wrapper.application; includeInIndex = 0; path = sidafjisdjfiojsdjfiasfsdfsd.app; sourceTree = BUILT_PRODUCTS_DIR; };
		D6C2C07F1967E73A001AEB90 /* Foundation.framework */ = {isa = PBXFileReference; lastKnownFileType = wrapper.framework; name = Foundation.framework; path = System/Library/Frameworks/Foundation.framework; sourceTree = SDKROOT; };
		D6C2C0811967E73A001AEB90 /* CoreGraphics.framework */ = {isa = PBXFileReference; lastKnownFileType = wrapper.framework; name = CoreGraphics.framework; path = System/Library/Frameworks/CoreGraphics.framework; sourceTree = SDKROOT; };
		D6C2C0831967E73A001AEB90 /* UIKit.framework */ = {isa = PBXFileReference; lastKnownFileType = wrapper.framework; name = UIKit.framework; path = System/Library/Frameworks/UIKit.framework; sourceTree = SDKROOT; };
		D6C2C0851967E73A001AEB90 /* CoreData.framework */ = {isa = PBXFileReference; lastKnownFileType = wrapper.framework; name = CoreData.framework; path = System/Library/Frameworks/CoreData.framework; sourceTree = SDKROOT; };
		D6C2C0891967E73A001AEB90 /* sidafjisdjfiojsdjfiasfsdfsd-Info.plist */ = {isa = PBXFileReference; lastKnownFileType = text.plist.xml; path = "sidafjisdjfiojsdjfiasfsdfsd-Info.plist"; sourceTree = "<group>"; };
		D6C2C08B1967E73A001AEB90 /* en */ = {isa = PBXFileReference; lastKnownFileType = text.plist.strings; name = en; path = en.lproj/InfoPlist.strings; sourceTree = "<group>"; };
		D6C2C08D1967E73A001AEB90 /* main.m */ = {isa = PBXFileReference; lastKnownFileType = sourcecode.c.objc; path = main.m; sourceTree = "<group>"; };
		D6C2C08F1967E73A001AEB90 /* sidafjisdjfiojsdjfiasfsdfsd-Prefix.pch */ = {isa = PBXFileReference; lastKnownFileType = sourcecode.c.h; path = "sidafjisdjfiojsdjfiasfsdfsd-Prefix.pch"; sourceTree = "<group>"; };
		D6C2C0901967E73A001AEB90 /* AppDelegate.h */ = {isa = PBXFileReference; lastKnownFileType = sourcecode.c.h; path = AppDelegate.h; sourceTree = "<group>"; };
		D6C2C0911967E73A001AEB90 /* AppDelegate.m */ = {isa = PBXFileReference; lastKnownFileType = sourcecode.c.objc; path = AppDelegate.m; sourceTree = "<group>"; };
		D6C2C0941967E73A001AEB90 /* sidafjisdjfiojsdjfiasfsdfsd.xcdatamodel */ = {isa = PBXFileReference; lastKnownFileType = wrapper.xcdatamodel; path = sidafjisdjfiojsdjfiasfsdfsd.xcdatamodel; sourceTree = "<group>"; };
		D6C2C0961967E73A001AEB90 /* Images.xcassets */ = {isa = PBXFileReference; lastKnownFileType = folder.assetcatalog; path = Images.xcassets; sourceTree = "<group>"; };
		D6C2C09C1967E73A001AEB90 /* sidafjisdjfiojsdjfiasfsdfsdTests.xctest */ = {isa = PBXFileReference; explicitFileType = wrapper.cfbundle; includeInIndex = 0; path = sidafjisdjfiojsdjfiasfsdfsdTests.xctest; sourceTree = BUILT_PRODUCTS_DIR; };
		D6C2C09D1967E73A001AEB90 /* XCTest.framework */ = {isa = PBXFileReference; lastKnownFileType = wrapper.framework; name = XCTest.framework; path = Library/Frameworks/XCTest.framework; sourceTree = DEVELOPER_DIR; };
		D6C2C0A61967E73A001AEB90 /* sidafjisdjfiojsdjfiasfsdfsdTests-Info.plist */ = {isa = PBXFileReference; lastKnownFileType = text.plist.xml; path = "sidafjisdjfiojsdjfiasfsdfsdTests-Info.plist"; sourceTree = "<group>"; };
		D6C2C0A81967E73A001AEB90 /* en */ = {isa = PBXFileReference; lastKnownFileType = text.plist.strings; name = en; path = en.lproj/InfoPlist.strings; sourceTree = "<group>"; };
		D6C2C0AA1967E73A001AEB90 /* sidafjisdjfiojsdjfiasfsdfsdTests.m */ = {isa = PBXFileReference; lastKnownFileType = sourcecode.c.objc; path = sidafjisdjfiojsdjfiasfsdfsdTests.m; sourceTree = "<group>"; };
/* End PBXFileReference section */

/* Begin PBXFrameworksBuildPhase section */
		D6C2C0791967E73A001AEB90 /* Frameworks */ = {
			isa = PBXFrameworksBuildPhase;
			buildActionMask = 2147483647;
			files = (
				D6C2C0821967E73A001AEB90 /* CoreGraphics.framework in Frameworks */,
				D6C2C0861967E73A001AEB90 /* CoreData.framework in Frameworks */,
				D6C2C0841967E73A001AEB90 /* UIKit.framework in Frameworks */,
				D6C2C0801967E73A001AEB90 /* Foundation.framework in Frameworks */,
			);
			runOnlyForDeploymentPostprocessing = 0;
		};
		D6C2C0991967E73A001AEB90 /* Frameworks */ = {
			isa = PBXFrameworksBuildPhase;
			buildActionMask = 2147483647;
			files = (
				D6C2C09E1967E73A001AEB90 /* XCTest.framework in Frameworks */,
				D6C2C0A11967E73A001AEB90 /* CoreData.framework in Frameworks */,
				D6C2C0A01967E73A001AEB90 /* UIKit.framework in Frameworks */,
				D6C2C09F1967E73A001AEB90 /* Foundation.framework in Frameworks */,
			);
			runOnlyForDeploymentPostprocessing = 0;
		};
/* End PBXFrameworksBuildPhase section */

/* Begin PBXGroup section */
		D6C2C0731967E73A001AEB90 = {
			isa = PBXGroup;
			children = (
				D6C2C0871967E73A001AEB90 /* sidafjisdjfiojsdjfiasfsdfsd */,
				D6C2C0A41967E73A001AEB90 /* sidafjisdjfiojsdjfiasfsdfsdTests */,
				D6C2C07E1967E73A001AEB90 /* Frameworks */,
				D6C2C07D1967E73A001AEB90 /* Products */,
			);
			sourceTree = "<group>";
		};
		D6C2C07D1967E73A001AEB90 /* Products */ = {
			isa = PBXGroup;
			children = (
				D6C2C07C1967E73A001AEB90 /* sidafjisdjfiojsdjfiasfsdfsd.app */,
				D6C2C09C1967E73A001AEB90 /* sidafjisdjfiojsdjfiasfsdfsdTests.xctest */,
			);
			name = Products;
			sourceTree = "<group>";
		};
		D6C2C07E1967E73A001AEB90 /* Frameworks */ = {
			isa = PBXGroup;
			children = (
				D6C2C07F1967E73A001AEB90 /* Foundation.framework */,
				D6C2C0811967E73A001AEB90 /* CoreGraphics.framework */,
				D6C2C0831967E73A001AEB90 /* UIKit.framework */,
				D6C2C0851967E73A001AEB90 /* CoreData.framework */,
				D6C2C09D1967E73A001AEB90 /* XCTest.framework */,
			);
			name = Frameworks;
			sourceTree = "<group>";
		};
		D6C2C0871967E73A001AEB90 /* sidafjisdjfiojsdjfiasfsdfsd */ = {
			isa = PBXGroup;
			children = (
				D6C2C0901967E73A001AEB90 /* AppDelegate.h */,
				D6C2C0911967E73A001AEB90 /* AppDelegate.m */,
				D6C2C0961967E73A001AEB90 /* Images.xcassets */,
				D6C2C0931967E73A001AEB90 /* sidafjisdjfiojsdjfiasfsdfsd.xcdatamodeld */,
				D6C2C0881967E73A001AEB90 /* Supporting Files */,
			);
			path = sidafjisdjfiojsdjfiasfsdfsd;
			sourceTree = "<group>";
		};
		D6C2C0881967E73A001AEB90 /* Supporting Files */ = {
			isa = PBXGroup;
			children = (
				D6C2C0891967E73A001AEB90 /* sidafjisdjfiojsdjfiasfsdfsd-Info.plist */,
				D6C2C08A1967E73A001AEB90 /* InfoPlist.strings */,
				D6C2C08D1967E73A001AEB90 /* main.m */,
				D6C2C08F1967E73A001AEB90 /* sidafjisdjfiojsdjfiasfsdfsd-Prefix.pch */,
			);
			name = "Supporting Files";
			sourceTree = "<group>";
		};
		D6C2C0A41967E73A001AEB90 /* sidafjisdjfiojsdjfiasfsdfsdTests */ = {
			isa = PBXGroup;
			children = (
				D6C2C0AA1967E73A001AEB90 /* sidafjisdjfiojsdjfiasfsdfsdTests.m */,
				D6C2C0A51967E73A001AEB90 /* Supporting Files */,
			);
			path = sidafjisdjfiojsdjfiasfsdfsdTests;
			sourceTree = "<group>";
		};
		D6C2C0A51967E73A001AEB90 /* Supporting Files */ = {
			isa = PBXGroup;
			children = (
				D6C2C0A61967E73A001AEB90 /* sidafjisdjfiojsdjfiasfsdfsdTests-Info.plist */,
				D6C2C0A71967E73A001AEB90 /* InfoPlist.strings */,
			);
			name = "Supporting Files";
			sourceTree = "<group>";
		};
/* End PBXGroup section */

/* Begin PBXNativeTarget section */
		D6C2C07B1967E73A001AEB90 /* sidafjisdjfiojsdjfiasfsdfsd */ = {
			isa = PBXNativeTarget;
			buildConfigurationList = D6C2C0AE1967E73A001AEB90 /* Build configuration list for PBXNativeTarget "sidafjisdjfiojsdjfiasfsdfsd" */;
			buildPhases = (
				D6C2C0781967E73A001AEB90 /* Sources */,
				D6C2C0791967E73A001AEB90 /* Frameworks */,
				D6C2C07A1967E73A001AEB90 /* Resources */,
			);
			buildRules = (
			);
			dependencies = (
			);
			name = sidafjisdjfiojsdjfiasfsdfsd;
			productName = sidafjisdjfiojsdjfiasfsdfsd;
			productReference = D6C2C07C1967E73A001AEB90 /* sidafjisdjfiojsdjfiasfsdfsd.app */;
			productType = "com.apple.product-type.application";
		};
		D6C2C09B1967E73A001AEB90 /* sidafjisdjfiojsdjfiasfsdfsdTests */ = {
			isa = PBXNativeTarget;
			buildConfigurationList = D6C2C0B11967E73A001AEB90 /* Build configuration list for PBXNativeTarget "sidafjisdjfiojsdjfiasfsdfsdTests" */;
			buildPhases = (
				D6C2C0981967E73A001AEB90 /* Sources */,
				D6C2C0991967E73A001AEB90 /* Frameworks */,
				D6C2C09A1967E73A001AEB90 /* Resources */,
			);
			buildRules = (
			);
			dependencies = (
				D6C2C0A31967E73A001AEB90 /* PBXTargetDependency */,
			);
			name = sidafjisdjfiojsdjfiasfsdfsdTests;
			productName = sidafjisdjfiojsdjfiasfsdfsdTests;
			productReference = D6C2C09C1967E73A001AEB90 /* sidafjisdjfiojsdjfiasfsdfsdTests.xctest */;
			productType = "com.apple.product-type.bundle.unit-test";
		};
/* End PBXNativeTarget section */

/* Begin PBXProject section */
		D6C2C0741967E73A001AEB90 /* Project object */ = {
			isa = PBXProject;
			attributes = {
				LastUpgradeCheck = 0510;
				ORGANIZATIONNAME = kawabata;
				TargetAttributes = {
					D6C2C09B1967E73A001AEB90 = {
						TestTargetID = D6C2C07B1967E73A001AEB90;
					};
				};
			};
			buildConfigurationList = D6C2C0771967E73A001AEB90 /* Build configuration list for PBXProject "sidafjisdjfiojsdjfiasfsdfsd" */;
			compatibilityVersion = "Xcode 3.2";
			developmentRegion = English;
			hasScannedForEncodings = 0;
			knownRegions = (
				en,
			);
			mainGroup = D6C2C0731967E73A001AEB90;
			productRefGroup = D6C2C07D1967E73A001AEB90 /* Products */;
			projectDirPath = "";
			projectRoot = "";
			targets = (
				D6C2C07B1967E73A001AEB90 /* sidafjisdjfiojsdjfiasfsdfsd */,
				D6C2C09B1967E73A001AEB90 /* sidafjisdjfiojsdjfiasfsdfsdTests */,
			);
		};
/* End PBXProject section */

/* Begin PBXResourcesBuildPhase section */
		D6C2C07A1967E73A001AEB90 /* Resources */ = {
			isa = PBXResourcesBuildPhase;
			buildActionMask = 2147483647;
			files = (
				D6C2C08C1967E73A001AEB90 /* InfoPlist.strings in Resources */,
				D6C2C0971967E73A001AEB90 /* Images.xcassets in Resources */,
			);
			runOnlyForDeploymentPostprocessing = 0;
		};
		D6C2C09A1967E73A001AEB90 /* Resources */ = {
			isa = PBXResourcesBuildPhase;
			buildActionMask = 2147483647;
			files = (
				D6C2C0A91967E73A001AEB90 /* InfoPlist.strings in Resources */,
			);
			runOnlyForDeploymentPostprocessing = 0;
		};
/* End PBXResourcesBuildPhase section */

/* Begin PBXSourcesBuildPhase section */
		D6C2C0781967E73A001AEB90 /* Sources */ = {
			isa = PBXSourcesBuildPhase;
			buildActionMask = 2147483647;
			files = (
				D6C2C0921967E73A001AEB90 /* AppDelegate.m in Sources */,
				D6C2C08E1967E73A001AEB90 /* main.m in Sources */,
				D6C2C0951967E73A001AEB90 /* sidafjisdjfiojsdjfiasfsdfsd.xcdatamodeld in Sources */,
			);
			runOnlyForDeploymentPostprocessing = 0;
		};
		D6C2C0981967E73A001AEB90 /* Sources */ = {
			isa = PBXSourcesBuildPhase;
			buildActionMask = 2147483647;
			files = (
				D6C2C0AB1967E73A001AEB90 /* sidafjisdjfiojsdjfiasfsdfsdTests.m in Sources */,
			);
			runOnlyForDeploymentPostprocessing = 0;
		};
/* End PBXSourcesBuildPhase section */

/* Begin PBXTargetDependency section */
		D6C2C0A31967E73A001AEB90 /* PBXTargetDependency */ = {
			isa = PBXTargetDependency;
			target = D6C2C07B1967E73A001AEB90 /* sidafjisdjfiojsdjfiasfsdfsd */;
			targetProxy = D6C2C0A21967E73A001AEB90 /* PBXContainerItemProxy */;
		};
/* End PBXTargetDependency section */

/* Begin PBXVariantGroup section */
		D6C2C08A1967E73A001AEB90 /* InfoPlist.strings */ = {
			isa = PBXVariantGroup;
			children = (
				D6C2C08B1967E73A001AEB90 /* en */,
			);
			name = InfoPlist.strings;
			sourceTree = "<group>";
		};
		D6C2C0A71967E73A001AEB90 /* InfoPlist.strings */ = {
			isa = PBXVariantGroup;
			children = (
				D6C2C0A81967E73A001AEB90 /* en */,
			);
			name = InfoPlist.strings;
			sourceTree = "<group>";
		};
/* End PBXVariantGroup section */

/* Begin XCBuildConfiguration section */
		D6C2C0AC1967E73A001AEB90 /* Debug */ = {
			isa = XCBuildConfiguration;
			buildSettings = {
				ALWAYS_SEARCH_USER_PATHS = NO;
				CLANG_CXX_LANGUAGE_STANDARD = "gnu++0x";
				CLANG_CXX_LIBRARY = "libc++";
				CLANG_ENABLE_MODULES = YES;
				CLANG_ENABLE_OBJC_ARC = YES;
				CLANG_WARN_BOOL_CONVERSION = YES;
				CLANG_WARN_CONSTANT_CONVERSION = YES;
				CLANG_WARN_DIRECT_OBJC_ISA_USAGE = YES_ERROR;
				CLANG_WARN_EMPTY_BODY = YES;
				CLANG_WARN_ENUM_CONVERSION = YES;
				CLANG_WARN_INT_CONVERSION = YES;
				CLANG_WARN_OBJC_ROOT_CLASS = YES_ERROR;
				CLANG_WARN__DUPLICATE_METHOD_MATCH = YES;
				"CODE_SIGN_IDENTITY[sdk=iphoneos*]" = "iPhone Developer";
				COPY_PHASE_STRIP = NO;
				GCC_C_LANGUAGE_STANDARD = gnu99;
				GCC_DYNAMIC_NO_PIC = NO;
				GCC_OPTIMIZATION_LEVEL = 0;
				GCC_PREPROCESSOR_DEFINITIONS = (
					"DEBUG=1",
					"$(inherited)",
				);
				GCC_SYMBOLS_PRIVATE_EXTERN = NO;
				GCC_WARN_64_TO_32_BIT_CONVERSION = YES;
				GCC_WARN_ABOUT_RETURN_TYPE = YES_ERROR;
				GCC_WARN_UNDECLARED_SELECTOR = YES;
				GCC_WARN_UNINITIALIZED_AUTOS = YES_AGGRESSIVE;
				GCC_WARN_UNUSED_FUNCTION = YES;
				GCC_WARN_UNUSED_VARIABLE = YES;
				IPHONEOS_DEPLOYMENT_TARGET = 7.1;
				ONLY_ACTIVE_ARCH = YES;
				SDKROOT = iphoneos;
			};
			name = Debug;
		};
		D6C2C0AD1967E73A001AEB90 /* Release */ = {
			isa = XCBuildConfiguration;
			buildSettings = {
				ALWAYS_SEARCH_USER_PATHS = NO;
				CLANG_CXX_LANGUAGE_STANDARD = "gnu++0x";
				CLANG_CXX_LIBRARY = "libc++";
				CLANG_ENABLE_MODULES = YES;
				CLANG_ENABLE_OBJC_ARC = YES;
				CLANG_WARN_BOOL_CONVERSION = YES;
				CLANG_WARN_CONSTANT_CONVERSION = YES;
				CLANG_WARN_DIRECT_OBJC_ISA_USAGE = YES_ERROR;
				CLANG_WARN_EMPTY_BODY = YES;
				CLANG_WARN_ENUM_CONVERSION = YES;
				CLANG_WARN_INT_CONVERSION = YES;
				CLANG_WARN_OBJC_ROOT_CLASS = YES_ERROR;
				CLANG_WARN__DUPLICATE_METHOD_MATCH = YES;
				"CODE_SIGN_IDENTITY[sdk=iphoneos*]" = "iPhone Developer";
				COPY_PHASE_STRIP = YES;
				ENABLE_NS_ASSERTIONS = NO;
				GCC_C_LANGUAGE_STANDARD = gnu99;
				GCC_WARN_64_TO_32_BIT_CONVERSION = YES;
				GCC_WARN_ABOUT_RETURN_TYPE = YES_ERROR;
				GCC_WARN_UNDECLARED_SELECTOR = YES;
				GCC_WARN_UNINITIALIZED_AUTOS = YES_AGGRESSIVE;
				GCC_WARN_UNUSED_FUNCTION = YES;
				GCC_WARN_UNUSED_VARIABLE = YES;
				IPHONEOS_DEPLOYMENT_TARGET = 7.1;
				SDKROOT = iphoneos;
				VALIDATE_PRODUCT = YES;
			};
			name = Release;
		};
		D6C2C0AF1967E73A001AEB90 /* Debug */ = {
			isa = XCBuildConfiguration;
			buildSettings = {
				ASSETCATALOG_COMPILER_APPICON_NAME = AppIcon;
				ASSETCATALOG_COMPILER_LAUNCHIMAGE_NAME = LaunchImage;
				GCC_PRECOMPILE_PREFIX_HEADER = YES;
				GCC_PREFIX_HEADER = "sidafjisdjfiojsdjfiasfsdfsd/sidafjisdjfiojsdjfiasfsdfsd-Prefix.pch";
				INFOPLIST_FILE = "sidafjisdjfiojsdjfiasfsdfsd/sidafjisdjfiojsdjfiasfsdfsd-Info.plist";
				PRODUCT_NAME = "$(TARGET_NAME)";
				WRAPPER_EXTENSION = app;
			};
			name = Debug;
		};
		D6C2C0B01967E73A001AEB90 /* Release */ = {
			isa = XCBuildConfiguration;
			buildSettings = {
				ASSETCATALOG_COMPILER_APPICON_NAME = AppIcon;
				ASSETCATALOG_COMPILER_LAUNCHIMAGE_NAME = LaunchImage;
				GCC_PRECOMPILE_PREFIX_HEADER = YES;
				GCC_PREFIX_HEADER = "sidafjisdjfiojsdjfiasfsdfsd/sidafjisdjfiojsdjfiasfsdfsd-Prefix.pch";
				INFOPLIST_FILE = "sidafjisdjfiojsdjfiasfsdfsd/sidafjisdjfiojsdjfiasfsdfsd-Info.plist";
				PRODUCT_NAME = "$(TARGET_NAME)";
				WRAPPER_EXTENSION = app;
			};
			name = Release;
		};
		D6C2C0B21967E73A001AEB90 /* Debug */ = {
			isa = XCBuildConfiguration;
			buildSettings = {
				BUNDLE_LOADER = "$(BUILT_PRODUCTS_DIR)/sidafjisdjfiojsdjfiasfsdfsd.app/sidafjisdjfiojsdjfiasfsdfsd";
				FRAMEWORK_SEARCH_PATHS = (
					"$(SDKROOT)/Developer/Library/Frameworks",
					"$(inherited)",
					"$(DEVELOPER_FRAMEWORKS_DIR)",
				);
				GCC_PRECOMPILE_PREFIX_HEADER = YES;
				GCC_PREFIX_HEADER = "sidafjisdjfiojsdjfiasfsdfsd/sidafjisdjfiojsdjfiasfsdfsd-Prefix.pch";
				GCC_PREPROCESSOR_DEFINITIONS = (
					"DEBUG=1",
					"$(inherited)",
				);
				INFOPLIST_FILE = "sidafjisdjfiojsdjfiasfsdfsdTests/sidafjisdjfiojsdjfiasfsdfsdTests-Info.plist";
				PRODUCT_NAME = "$(TARGET_NAME)";
				TEST_HOST = "$(BUNDLE_LOADER)";
				WRAPPER_EXTENSION = xctest;
			};
			name = Debug;
		};
		D6C2C0B31967E73A001AEB90 /* Release */ = {
			isa = XCBuildConfiguration;
			buildSettings = {
				BUNDLE_LOADER = "$(BUILT_PRODUCTS_DIR)/sidafjisdjfiojsdjfiasfsdfsd.app/sidafjisdjfiojsdjfiasfsdfsd";
				FRAMEWORK_SEARCH_PATHS = (
					"$(SDKROOT)/Developer/Library/Frameworks",
					"$(inherited)",
					"$(DEVELOPER_FRAMEWORKS_DIR)",
				);
				GCC_PRECOMPILE_PREFIX_HEADER = YES;
				GCC_PREFIX_HEADER = "sidafjisdjfiojsdjfiasfsdfsd/sidafjisdjfiojsdjfiasfsdfsd-Prefix.pch";
				INFOPLIST_FILE = "sidafjisdjfiojsdjfiasfsdfsdTests/sidafjisdjfiojsdjfiasfsdfsdTests-Info.plist";
				PRODUCT_NAME = "$(TARGET_NAME)";
				TEST_HOST = "$(BUNDLE_LOADER)";
				WRAPPER_EXTENSION = xctest;
			};
			name = Release;
		};
/* End XCBuildConfiguration section */

/* Begin XCConfigurationList section */
		D6C2C0771967E73A001AEB90 /* Build configuration list for PBXProject "sidafjisdjfiojsdjfiasfsdfsd" */ = {
			isa = XCConfigurationList;
			buildConfigurations = (
				D6C2C0AC1967E73A001AEB90 /* Debug */,
				D6C2C0AD1967E73A001AEB90 /* Release */,
			);
			defaultConfigurationIsVisible = 0;
			defaultConfigurationName = Release;
		};
		D6C2C0AE1967E73A001AEB90 /* Build configuration list for PBXNativeTarget "sidafjisdjfiojsdjfiasfsdfsd" */ = {
			isa = XCConfigurationList;
			buildConfigurations = (
				D6C2C0AF1967E73A001AEB90 /* Debug */,
				D6C2C0B01967E73A001AEB90 /* Release */,
			);
			defaultConfigurationIsVisible = 0;
		};
		D6C2C0B11967E73A001AEB90 /* Build configuration list for PBXNativeTarget "sidafjisdjfiojsdjfiasfsdfsdTests" */ = {
			isa = XCConfigurationList;
			buildConfigurations = (
				D6C2C0B21967E73A001AEB90 /* Debug */,
				D6C2C0B31967E73A001AEB90 /* Release */,
			);
			defaultConfigurationIsVisible = 0;
		};
/* End XCConfigurationList section */

/* Begin XCVersionGroup section */
		D6C2C0931967E73A001AEB90 /* sidafjisdjfiojsdjfiasfsdfsd.xcdatamodeld */ = {
			isa = XCVersionGroup;
			children = (
				D6C2C0941967E73A001AEB90 /* sidafjisdjfiojsdjfiasfsdfsd.xcdatamodel */,
			);
			currentVersion = D6C2C0941967E73A001AEB90 /* sidafjisdjfiojsdjfiasfsdfsd.xcdatamodel */;
			path = sidafjisdjfiojsdjfiasfsdfsd.xcdatamodeld;
			sourceTree = "<group>";
			versionGroupType = wrapper.xcdatamodel;
		};
/* End XCVersionGroup section */
	};
	rootObject = D6C2C0741967E73A001AEB90 /* Project object */;
}
